
Microsoft Visual Studio Solution File, Format Version 12.00
# Visual Studio 14
VisualStudioVersion = 14.0.25123.0
MinimumVisualStudioVersion = 10.0.40219.1
Project("{FAE04EC0-301F-11D3-BF4B-00C04F79EFBC}") = "CaseManagement", "CaseManagement\CaseManagement.csproj", "{043BC2C8-5B12-433D-941F-2E91FFCAD9FF}"
EndProject
Global
	GlobalSection(SolutionConfigurationPlatforms) = preSolution
		Debug|Any CPU = Debug|Any CPU
		Release|Any CPU = Release|Any CPU
	EndGlobalSection
	GlobalSection(ProjectConfigurationPlatforms) = postSolution
		{043BC2C8-5B12-433D-941F-2E91FFCAD9FF}.Debug|Any CPU.ActiveCfg = Debug|Any CPU
		{043BC2C8-5B12-433D-941F-2E91FFCAD9FF}.Debug|Any CPU.Build.0 = Debug|Any CPU
		{043BC2C8-5B12-433D-941F-2E91FFCAD9FF}.Release|Any CPU.ActiveCfg = Release|Any CPU
		{043BC2C8-5B12-433D-941F-2E91FFCAD9FF}.Release|Any CPU.Build.0 = Release|Any CPU
	EndGlobalSection
	GlobalSection(SolutionProperties) = preSolution
		HideSolutionNode = FALSE
	EndGlobalSection
EndGlobal
